// !$*UTF8*$!
{
	archiveVersion = 1;
	classes = {
	};
	objectVersion = 46;
	objects = {

/* Begin PBXBuildFile section */
		80028D2D191A5BA3002A488A /* Foundation.framework in Frameworks */ = {isa = PBXBuildFile; fileRef = 80028D2C191A5BA3002A488A /* Foundation.framework */; };
		80028D2F191A5BA3002A488A /* CoreGraphics.framework in Frameworks */ = {isa = PBXBuildFile; fileRef = 80028D2E191A5BA3002A488A /* CoreGraphics.framework */; };
		80028D31191A5BA3002A488A /* UIKit.framework in Frameworks */ = {isa = PBXBuildFile; fileRef = 80028D30191A5BA3002A488A /* UIKit.framework */; };
		80028D37191A5BA3002A488A /* InfoPlist.strings in Resources */ = {isa = PBXBuildFile; fileRef = 80028D35191A5BA3002A488A /* InfoPlist.strings */; };
		80028D39191A5BA3002A488A /* main.m in Sources */ = {isa = PBXBuildFile; fileRef = 80028D38191A5BA3002A488A /* main.m */; };
		80028D3D191A5BA3002A488A /* UAAppDelegate.m in Sources */ = {isa = PBXBuildFile; fileRef = 80028D3C191A5BA3002A488A /* UAAppDelegate.m */; };
		80028D40191A5BA3002A488A /* Main.storyboard in Resources */ = {isa = PBXBuildFile; fileRef = 80028D3E191A5BA3002A488A /* Main.storyboard */; };
		80028D43191A5BA3002A488A /* UAViewController.m in Sources */ = {isa = PBXBuildFile; fileRef = 80028D42191A5BA3002A488A /* UAViewController.m */; };
		80028D45191A5BA3002A488A /* Images.xcassets in Resources */ = {isa = PBXBuildFile; fileRef = 80028D44191A5BA3002A488A /* Images.xcassets */; };
		80028D4C191A5BA3002A488A /* XCTest.framework in Frameworks */ = {isa = PBXBuildFile; fileRef = 80028D4B191A5BA3002A488A /* XCTest.framework */; };
		80028D4D191A5BA3002A488A /* Foundation.framework in Frameworks */ = {isa = PBXBuildFile; fileRef = 80028D2C191A5BA3002A488A /* Foundation.framework */; };
		80028D4E191A5BA3002A488A /* UIKit.framework in Frameworks */ = {isa = PBXBuildFile; fileRef = 80028D30191A5BA3002A488A /* UIKit.framework */; };
		80028D56191A5BA3002A488A /* InfoPlist.strings in Resources */ = {isa = PBXBuildFile; fileRef = 80028D54191A5BA3002A488A /* InfoPlist.strings */; };
		80028D58191A5BA3002A488A /* UAExpandableTextFieldExampleTests.m in Sources */ = {isa = PBXBuildFile; fileRef = 80028D57191A5BA3002A488A /* UAExpandableTextFieldExampleTests.m */; };
/* End PBXBuildFile section */

/* Begin PBXContainerItemProxy section */
		80028D4F191A5BA3002A488A /* PBXContainerItemProxy */ = {
			isa = PBXContainerItemProxy;
			containerPortal = 80028D21191A5BA3002A488A /* Project object */;
			proxyType = 1;
			remoteGlobalIDString = 80028D28191A5BA3002A488A;
			remoteInfo = UAExpandableTextFieldExample;
		};
/* End PBXContainerItemProxy section */

/* Begin PBXFileReference section */
		80028D29191A5BA3002A488A /* UAExpandableTextFieldExample.app */ = {isa = PBXFileReference; explicitFileType = wrapper.application; includeInIndex = 0; path = UAExpandableTextFieldExample.app; sourceTree = BUILT_PRODUCTS_DIR; };
		80028D2C191A5BA3002A488A /* Foundation.framework */ = {isa = PBXFileReference; lastKnownFileType = wrapper.framework; name = Foundation.framework; path = System/Library/Frameworks/Foundation.framework; sourceTree = SDKROOT; };
		80028D2E191A5BA3002A488A /* CoreGraphics.framework */ = {isa = PBXFileReference; lastKnownFileType = wrapper.framework; name = CoreGraphics.framework; path = System/Library/Frameworks/CoreGraphics.framework; sourceTree = SDKROOT; };
		80028D30191A5BA3002A488A /* UIKit.framework */ = {isa = PBXFileReference; lastKnownFileType = wrapper.framework; name = UIKit.framework; path = System/Library/Frameworks/UIKit.framework; sourceTree = SDKROOT; };
		80028D34191A5BA3002A488A /* UAExpandableTextFieldExample-Info.plist */ = {isa = PBXFileReference; lastKnownFileType = text.plist.xml; path = "UAExpandableTextFieldExample-Info.plist"; sourceTree = "<group>"; };
		80028D36191A5BA3002A488A /* en */ = {isa = PBXFileReference; lastKnownFileType = text.plist.strings; name = en; path = en.lproj/InfoPlist.strings; sourceTree = "<group>"; };
		80028D38191A5BA3002A488A /* main.m */ = {isa = PBXFileReference; lastKnownFileType = sourcecode.c.objc; path = main.m; sourceTree = "<group>"; };
		80028D3A191A5BA3002A488A /* UAExpandableTextFieldExample-Prefix.pch */ = {isa = PBXFileReference; lastKnownFileType = sourcecode.c.h; path = "UAExpandableTextFieldExample-Prefix.pch"; sourceTree = "<group>"; };
		80028D3B191A5BA3002A488A /* UAAppDelegate.h */ = {isa = PBXFileReference; lastKnownFileType = sourcecode.c.h; path = UAAppDelegate.h; sourceTree = "<group>"; };
		80028D3C191A5BA3002A488A /* UAAppDelegate.m */ = {isa = PBXFileReference; lastKnownFileType = sourcecode.c.objc; path = UAAppDelegate.m; sourceTree = "<group>"; };
		80028D3F191A5BA3002A488A /* Base */ = {isa = PBXFileReference; lastKnownFileType = file.storyboard; name = Base; path = Base.lproj/Main.storyboard; sourceTree = "<group>"; };
		80028D41191A5BA3002A488A /* UAViewController.h */ = {isa = PBXFileReference; lastKnownFileType = sourcecode.c.h; path = UAViewController.h; sourceTree = "<group>"; };
		80028D42191A5BA3002A488A /* UAViewController.m */ = {isa = PBXFileReference; lastKnownFileType = sourcecode.c.objc; path = UAViewController.m; sourceTree = "<group>"; };
		80028D44191A5BA3002A488A /* Images.xcassets */ = {isa = PBXFileReference; lastKnownFileType = folder.assetcatalog; path = Images.xcassets; sourceTree = "<group>"; };
		80028D4A191A5BA3002A488A /* UAExpandableTextFieldExampleTests.xctest */ = {isa = PBXFileReference; explicitFileType = wrapper.cfbundle; includeInIndex = 0; path = UAExpandableTextFieldExampleTests.xctest; sourceTree = BUILT_PRODUCTS_DIR; };
		80028D4B191A5BA3002A488A /* XCTest.framework */ = {isa = PBXFileReference; lastKnownFileType = wrapper.framework; name = XCTest.framework; path = Library/Frameworks/XCTest.framework; sourceTree = DEVELOPER_DIR; };
		80028D53191A5BA3002A488A /* UAExpandableTextFieldExampleTests-Info.plist */ = {isa = PBXFileReference; lastKnownFileType = text.plist.xml; path = "UAExpandableTextFieldExampleTests-Info.plist"; sourceTree = "<group>"; };
		80028D55191A5BA3002A488A /* en */ = {isa = PBXFileReference; lastKnownFileType = text.plist.strings; name = en; path = en.lproj/InfoPlist.strings; sourceTree = "<group>"; };
		80028D57191A5BA3002A488A /* UAExpandableTextFieldExampleTests.m */ = {isa = PBXFileReference; lastKnownFileType = sourcecode.c.objc; path = UAExpandableTextFieldExampleTests.m; sourceTree = "<group>"; };
/* End PBXFileReference section */

/* Begin PBXFrameworksBuildPhase section */
		80028D26191A5BA3002A488A /* Frameworks */ = {
			isa = PBXFrameworksBuildPhase;
			buildActionMask = 2147483647;
			files = (
				80028D2F191A5BA3002A488A /* CoreGraphics.framework in Frameworks */,
				80028D31191A5BA3002A488A /* UIKit.framework in Frameworks */,
				80028D2D191A5BA3002A488A /* Foundation.framework in Frameworks */,
			);
			runOnlyForDeploymentPostprocessing = 0;
		};
		80028D47191A5BA3002A488A /* Frameworks */ = {
			isa = PBXFrameworksBuildPhase;
			buildActionMask = 2147483647;
			files = (
				80028D4C191A5BA3002A488A /* XCTest.framework in Frameworks */,
				80028D4E191A5BA3002A488A /* UIKit.framework in Frameworks */,
				80028D4D191A5BA3002A488A /* Foundation.framework in Frameworks */,
			);
			runOnlyForDeploymentPostprocessing = 0;
		};
/* End PBXFrameworksBuildPhase section */

/* Begin PBXGroup section */
		80028D20191A5BA3002A488A = {
			isa = PBXGroup;
			children = (
				80028D32191A5BA3002A488A /* UAExpandableTextFieldExample */,
				80028D51191A5BA3002A488A /* UAExpandableTextFieldExampleTests */,
				80028D2B191A5BA3002A488A /* Frameworks */,
				80028D2A191A5BA3002A488A /* Products */,
			);
			sourceTree = "<group>";
		};
		80028D2A191A5BA3002A488A /* Products */ = {
			isa = PBXGroup;
			children = (
				80028D29191A5BA3002A488A /* UAExpandableTextFieldExample.app */,
				80028D4A191A5BA3002A488A /* UAExpandableTextFieldExampleTests.xctest */,
			);
			name = Products;
			sourceTree = "<group>";
		};
		80028D2B191A5BA3002A488A /* Frameworks */ = {
			isa = PBXGroup;
			children = (
				80028D2C191A5BA3002A488A /* Foundation.framework */,
				80028D2E191A5BA3002A488A /* CoreGraphics.framework */,
				80028D30191A5BA3002A488A /* UIKit.framework */,
				80028D4B191A5BA3002A488A /* XCTest.framework */,
			);
			name = Frameworks;
			sourceTree = "<group>";
		};
		80028D32191A5BA3002A488A /* UAExpandableTextFieldExample */ = {
			isa = PBXGroup;
			children = (
				80028D3B191A5BA3002A488A /* UAAppDelegate.h */,
				80028D3C191A5BA3002A488A /* UAAppDelegate.m */,
				80028D3E191A5BA3002A488A /* Main.storyboard */,
				80028D41191A5BA3002A488A /* UAViewController.h */,
				80028D42191A5BA3002A488A /* UAViewController.m */,
				80028D44191A5BA3002A488A /* Images.xcassets */,
				80028D33191A5BA3002A488A /* Supporting Files */,
			);
			path = UAExpandableTextFieldExample;
			sourceTree = "<group>";
		};
		80028D33191A5BA3002A488A /* Supporting Files */ = {
			isa = PBXGroup;
			children = (
				80028D34191A5BA3002A488A /* UAExpandableTextFieldExample-Info.plist */,
				80028D35191A5BA3002A488A /* InfoPlist.strings */,
				80028D38191A5BA3002A488A /* main.m */,
				80028D3A191A5BA3002A488A /* UAExpandableTextFieldExample-Prefix.pch */,
			);
			name = "Supporting Files";
			sourceTree = "<group>";
		};
		80028D51191A5BA3002A488A /* UAExpandableTextFieldExampleTests */ = {
			isa = PBXGroup;
			children = (
				80028D57191A5BA3002A488A /* UAExpandableTextFieldExampleTests.m */,
				80028D52191A5BA3002A488A /* Supporting Files */,
			);
			path = UAExpandableTextFieldExampleTests;
			sourceTree = "<group>";
		};
		80028D52191A5BA3002A488A /* Supporting Files */ = {
			isa = PBXGroup;
			children = (
				80028D53191A5BA3002A488A /* UAExpandableTextFieldExampleTests-Info.plist */,
				80028D54191A5BA3002A488A /* InfoPlist.strings */,
			);
			name = "Supporting Files";
			sourceTree = "<group>";
		};
/* End PBXGroup section */

/* Begin PBXNativeTarget section */
		80028D28191A5BA3002A488A /* UAExpandableTextFieldExample */ = {
			isa = PBXNativeTarget;
			buildConfigurationList = 80028D5B191A5BA3002A488A /* Build configuration list for PBXNativeTarget "UAExpandableTextFieldExample" */;
			buildPhases = (
				80028D25191A5BA3002A488A /* Sources */,
				80028D26191A5BA3002A488A /* Frameworks */,
				80028D27191A5BA3002A488A /* Resources */,
			);
			buildRules = (
			);
			dependencies = (
			);
			name = UAExpandableTextFieldExample;
			productName = UAExpandableTextFieldExample;
			productReference = 80028D29191A5BA3002A488A /* UAExpandableTextFieldExample.app */;
			productType = "com.apple.product-type.application";
		};
		80028D49191A5BA3002A488A /* UAExpandableTextFieldExampleTests */ = {
			isa = PBXNativeTarget;
			buildConfigurationList = 80028D5E191A5BA3002A488A /* Build configuration list for PBXNativeTarget "UAExpandableTextFieldExampleTests" */;
			buildPhases = (
				80028D46191A5BA3002A488A /* Sources */,
				80028D47191A5BA3002A488A /* Frameworks */,
				80028D48191A5BA3002A488A /* Resources */,
			);
			buildRules = (
			);
			dependencies = (
				80028D50191A5BA3002A488A /* PBXTargetDependency */,
			);
			name = UAExpandableTextFieldExampleTests;
			productName = UAExpandableTextFieldExampleTests;
			productReference = 80028D4A191A5BA3002A488A /* UAExpandableTextFieldExampleTests.xctest */;
			productType = "com.apple.product-type.bundle.unit-test";
		};
/* End PBXNativeTarget section */

/* Begin PBXProject section */
		80028D21191A5BA3002A488A /* Project object */ = {
			isa = PBXProject;
			attributes = {
				CLASSPREFIX = UA;
				LastUpgradeCheck = 0510;
				ORGANIZATIONNAME = "Confiz Limited";
				TargetAttributes = {
					80028D49191A5BA3002A488A = {
						TestTargetID = 80028D28191A5BA3002A488A;
					};
				};
			};
			buildConfigurationList = 80028D24191A5BA3002A488A /* Build configuration list for PBXProject "UAExpandableTextFieldExample" */;
			compatibilityVersion = "Xcode 3.2";
			developmentRegion = English;
			hasScannedForEncodings = 0;
			knownRegions = (
				en,
				Base,
			);
			mainGroup = 80028D20191A5BA3002A488A;
			productRefGroup = 80028D2A191A5BA3002A488A /* Products */;
			projectDirPath = "";
			projectRoot = "";
			targets = (
				80028D28191A5BA3002A488A /* UAExpandableTextFieldExample */,
				80028D49191A5BA3002A488A /* UAExpandableTextFieldExampleTests */,
			);
		};
/* End PBXProject section */

/* Begin PBXResourcesBuildPhase section */
		80028D27191A5BA3002A488A /* Resources */ = {
			isa = PBXResourcesBuildPhase;
			buildActionMask = 2147483647;
			files = (
				80028D45191A5BA3002A488A /* Images.xcassets in Resources */,
				80028D37191A5BA3002A488A /* InfoPlist.strings in Resources */,
				80028D40191A5BA3002A488A /* Main.storyboard in Resources */,
			);
			runOnlyForDeploymentPostprocessing = 0;
		};
		80028D48191A5BA3002A488A /* Resources */ = {
			isa = PBXResourcesBuildPhase;
			buildActionMask = 2147483647;
			files = (
				80028D56191A5BA3002A488A /* InfoPlist.strings in Resources */,
			);
			runOnlyForDeploymentPostprocessing = 0;
		};
/* End PBXResourcesBuildPhase section */

/* Begin PBXSourcesBuildPhase section */
		80028D25191A5BA3002A488A /* Sources */ = {
			isa = PBXSourcesBuildPhase;
			buildActionMask = 2147483647;
			files = (
				80028D3D191A5BA3002A488A /* UAAppDelegate.m in Sources */,
				80028D39191A5BA3002A488A /* main.m in Sources */,
				80028D43191A5BA3002A488A /* UAViewController.m in Sources */,
			);
			runOnlyForDeploymentPostprocessing = 0;
		};
		80028D46191A5BA3002A488A /* Sources */ = {
			isa = PBXSourcesBuildPhase;
			buildActionMask = 2147483647;
			files = (
				80028D58191A5BA3002A488A /* UAExpandableTextFieldExampleTests.m in Sources */,
			);
			runOnlyForDeploymentPostprocessing = 0;
		};
/* End PBXSourcesBuildPhase section */

/* Begin PBXTargetDependency section */
		80028D50191A5BA3002A488A /* PBXTargetDependency */ = {
			isa = PBXTargetDependency;
			target = 80028D28191A5BA3002A488A /* UAExpandableTextFieldExample */;
			targetProxy = 80028D4F191A5BA3002A488A /* PBXContainerItemProxy */;
		};
/* End PBXTargetDependency section */

/* Begin PBXVariantGroup section */
		80028D35191A5BA3002A488A /* InfoPlist.strings */ = {
			isa = PBXVariantGroup;
			children = (
				80028D36191A5BA3002A488A /* en */,
			);
			name = InfoPlist.strings;
			sourceTree = "<group>";
		};
		80028D3E191A5BA3002A488A /* Main.storyboard */ = {
			isa = PBXVariantGroup;
			children = (
				80028D3F191A5BA3002A488A /* Base */,
			);
			name = Main.storyboard;
			sourceTree = "<group>";
		};
		80028D54191A5BA3002A488A /* InfoPlist.strings */ = {
			isa = PBXVariantGroup;
			children = (
				80028D55191A5BA3002A488A /* en */,
			);
			name = InfoPlist.strings;
			sourceTree = "<group>";
		};
/* End PBXVariantGroup section */

/* Begin XCBuildConfiguration section */
		80028D59191A5BA3002A488A /* Debug */ = {
			isa = XCBuildConfiguration;
			buildSettings = {
				ALWAYS_SEARCH_USER_PATHS = NO;
				CLANG_CXX_LANGUAGE_STANDARD = "gnu++0x";
				CLANG_CXX_LIBRARY = "libc++";
				CLANG_ENABLE_MODULES = YES;
				CLANG_ENABLE_OBJC_ARC = YES;
				CLANG_WARN_BOOL_CONVERSION = YES;
				CLANG_WARN_CONSTANT_CONVERSION = YES;
				CLANG_WARN_DIRECT_OBJC_ISA_USAGE = YES_ERROR;
				CLANG_WARN_EMPTY_BODY = YES;
				CLANG_WARN_ENUM_CONVERSION = YES;
				CLANG_WARN_INT_CONVERSION = YES;
				CLANG_WARN_OBJC_ROOT_CLASS = YES_ERROR;
				CLANG_WARN__DUPLICATE_METHOD_MATCH = YES;
				"CODE_SIGN_IDENTITY[sdk=iphoneos*]" = "iPhone Developer";
				COPY_PHASE_STRIP = NO;
				GCC_C_LANGUAGE_STANDARD = gnu99;
				GCC_DYNAMIC_NO_PIC = NO;
				GCC_OPTIMIZATION_LEVEL = 0;
				GCC_PREPROCESSOR_DEFINITIONS = (
					"DEBUG=1",
					"$(inherited)",
				);
				GCC_SYMBOLS_PRIVATE_EXTERN = NO;
				GCC_WARN_64_TO_32_BIT_CONVERSION = YES;
				GCC_WARN_ABOUT_RETURN_TYPE = YES_ERROR;
				GCC_WARN_UNDECLARED_SELECTOR = YES;
				GCC_WARN_UNINITIALIZED_AUTOS = YES_AGGRESSIVE;
				GCC_WARN_UNUSED_FUNCTION = YES;
				GCC_WARN_UNUSED_VARIABLE = YES;
				IPHONEOS_DEPLOYMENT_TARGET = 7.1;
				ONLY_ACTIVE_ARCH = YES;
				SDKROOT = iphoneos;
			};
			name = Debug;
		};
		80028D5A191A5BA3002A488A /* Release */ = {
			isa = XCBuildConfiguration;
			buildSettings = {
				ALWAYS_SEARCH_USER_PATHS = NO;
				CLANG_CXX_LANGUAGE_STANDARD = "gnu++0x";
				CLANG_CXX_LIBRARY = "libc++";
				CLANG_ENABLE_MODULES = YES;
				CLANG_ENABLE_OBJC_ARC = YES;
				CLANG_WARN_BOOL_CONVERSION = YES;
				CLANG_WARN_CONSTANT_CONVERSION = YES;
				CLANG_WARN_DIRECT_OBJC_ISA_USAGE = YES_ERROR;
				CLANG_WARN_EMPTY_BODY = YES;
				CLANG_WARN_ENUM_CONVERSION = YES;
				CLANG_WARN_INT_CONVERSION = YES;
				CLANG_WARN_OBJC_ROOT_CLASS = YES_ERROR;
				CLANG_WARN__DUPLICATE_METHOD_MATCH = YES;
				"CODE_SIGN_IDENTITY[sdk=iphoneos*]" = "iPhone Developer";
				COPY_PHASE_STRIP = YES;
				ENABLE_NS_ASSERTIONS = NO;
				GCC_C_LANGUAGE_STANDARD = gnu99;
				GCC_WARN_64_TO_32_BIT_CONVERSION = YES;
				GCC_WARN_ABOUT_RETURN_TYPE = YES_ERROR;
				GCC_WARN_UNDECLARED_SELECTOR = YES;
				GCC_WARN_UNINITIALIZED_AUTOS = YES_AGGRESSIVE;
				GCC_WARN_UNUSED_FUNCTION = YES;
				GCC_WARN_UNUSED_VARIABLE = YES;
				IPHONEOS_DEPLOYMENT_TARGET = 7.1;
				SDKROOT = iphoneos;
				VALIDATE_PRODUCT = YES;
			};
			name = Release;
		};
		80028D5C191A5BA3002A488A /* Debug */ = {
			isa = XCBuildConfiguration;
			buildSettings = {
				ASSETCATALOG_COMPILER_APPICON_NAME = AppIcon;
				ASSETCATALOG_COMPILER_LAUNCHIMAGE_NAME = LaunchImage;
				GCC_PRECOMPILE_PREFIX_HEADER = YES;
				GCC_PREFIX_HEADER = "UAExpandableTextFieldExample/UAExpandableTextFieldExample-Prefix.pch";
				INFOPLIST_FILE = "UAExpandableTextFieldExample/UAExpandableTextFieldExample-Info.plist";
				PRODUCT_NAME = "$(TARGET_NAME)";
				WRAPPER_EXTENSION = app;
			};
			name = Debug;
		};
		80028D5D191A5BA3002A488A /* Release */ = {
			isa = XCBuildConfiguration;
			buildSettings = {
				ASSETCATALOG_COMPILER_APPICON_NAME = AppIcon;
				ASSETCATALOG_COMPILER_LAUNCHIMAGE_NAME = LaunchImage;
				GCC_PRECOMPILE_PREFIX_HEADER = YES;
				GCC_PREFIX_HEADER = "UAExpandableTextFieldExample/UAExpandableTextFieldExample-Prefix.pch";
				INFOPLIST_FILE = "UAExpandableTextFieldExample/UAExpandableTextFieldExample-Info.plist";
				PRODUCT_NAME = "$(TARGET_NAME)";
				WRAPPER_EXTENSION = app;
			};
			name = Release;
		};
		80028D5F191A5BA3002A488A /* Debug */ = {
			isa = XCBuildConfiguration;
			buildSettings = {
				BUNDLE_LOADER = "$(BUILT_PRODUCTS_DIR)/UAExpandableTextFieldExample.app/UAExpandableTextFieldExample";
				FRAMEWORK_SEARCH_PATHS = (
					"$(SDKROOT)/Developer/Library/Frameworks",
					"$(inherited)",
					"$(DEVELOPER_FRAMEWORKS_DIR)",
				);
				GCC_PRECOMPILE_PREFIX_HEADER = YES;
				GCC_PREFIX_HEADER = "UAExpandableTextFieldExample/UAExpandableTextFieldExample-Prefix.pch";
				GCC_PREPROCESSOR_DEFINITIONS = (
					"DEBUG=1",
					"$(inherited)",
				);
				INFOPLIST_FILE = "UAExpandableTextFieldExampleTests/UAExpandableTextFieldExampleTests-Info.plist";
				PRODUCT_NAME = "$(TARGET_NAME)";
				TEST_HOST = "$(BUNDLE_LOADER)";
				WRAPPER_EXTENSION = xctest;
			};
			name = Debug;
		};
		80028D60191A5BA3002A488A /* Release */ = {
			isa = XCBuildConfiguration;
			buildSettings = {
				BUNDLE_LOADER = "$(BUILT_PRODUCTS_DIR)/UAExpandableTextFieldExample.app/UAExpandableTextFieldExample";
				FRAMEWORK_SEARCH_PATHS = (
					"$(SDKROOT)/Developer/Library/Frameworks",
					"$(inherited)",
					"$(DEVELOPER_FRAMEWORKS_DIR)",
				);
				GCC_PRECOMPILE_PREFIX_HEADER = YES;
				GCC_PREFIX_HEADER = "UAExpandableTextFieldExample/UAExpandableTextFieldExample-Prefix.pch";
				INFOPLIST_FILE = "UAExpandableTextFieldExampleTests/UAExpandableTextFieldExampleTests-Info.plist";
				PRODUCT_NAME = "$(TARGET_NAME)";
				TEST_HOST = "$(BUNDLE_LOADER)";
				WRAPPER_EXTENSION = xctest;
			};
			name = Release;
		};
/* End XCBuildConfiguration section */

/* Begin XCConfigurationList section */
		80028D24191A5BA3002A488A /* Build configuration list for PBXProject "UAExpandableTextFieldExample" */ = {
			isa = XCConfigurationList;
			buildConfigurations = (
				80028D59191A5BA3002A488A /* Debug */,
				80028D5A191A5BA3002A488A /* Release */,
			);
			defaultConfigurationIsVisible = 0;
			defaultConfigurationName = Release;
		};
		80028D5B191A5BA3002A488A /* Build configuration list for PBXNativeTarget "UAExpandableTextFieldExample" */ = {
			isa = XCConfigurationList;
			buildConfigurations = (
				80028D5C191A5BA3002A488A /* Debug */,
				80028D5D191A5BA3002A488A /* Release */,
			);
			defaultConfigurationIsVisible = 0;
		};
		80028D5E191A5BA3002A488A /* Build configuration list for PBXNativeTarget "UAExpandableTextFieldExampleTests" */ = {
			isa = XCConfigurationList;
			buildConfigurations = (
				80028D5F191A5BA3002A488A /* Debug */,
				80028D60191A5BA3002A488A /* Release */,
			);
			defaultConfigurationIsVisible = 0;
		};
/* End XCConfigurationList section */
	};
	rootObject = 80028D21191A5BA3002A488A /* Project object */;
}
